// !$*UTF8*$!
{
	archiveVersion = 1;
	classes = {
	};
	objectVersion = 46;
	objects = {

/* Begin PBXBuildFile section */
		360162021F19046500B1B2A8 /* AppDelegate.swift in Sources */ = {isa = PBXBuildFile; fileRef = 360162011F19046500B1B2A8 /* AppDelegate.swift */; };
		360162041F19046500B1B2A8 /* ViewController.swift in Sources */ = {isa = PBXBuildFile; fileRef = 360162031F19046500B1B2A8 /* ViewController.swift */; };
		360162071F19046500B1B2A8 /* Main.storyboard in Resources */ = {isa = PBXBuildFile; fileRef = 360162051F19046500B1B2A8 /* Main.storyboard */; };
		360162091F19046500B1B2A8 /* Assets.xcassets in Resources */ = {isa = PBXBuildFile; fileRef = 360162081F19046500B1B2A8 /* Assets.xcassets */; };
		3601620C1F19046500B1B2A8 /* LaunchScreen.storyboard in Resources */ = {isa = PBXBuildFile; fileRef = 3601620A1F19046500B1B2A8 /* LaunchScreen.storyboard */; };
		360162171F19046600B1B2A8 /* WalkingTheDogTests.swift in Sources */ = {isa = PBXBuildFile; fileRef = 360162161F19046600B1B2A8 /* WalkingTheDogTests.swift */; };
		360162221F19046600B1B2A8 /* WalkingTheDogUITests.swift in Sources */ = {isa = PBXBuildFile; fileRef = 360162211F19046600B1B2A8 /* WalkingTheDogUITests.swift */; };
		360162301F19047D00B1B2A8 /* GoogleService-Info.plist in Resources */ = {isa = PBXBuildFile; fileRef = 3601622F1F19047D00B1B2A8 /* GoogleService-Info.plist */; };
		36088A351F1D194200D53B19 /* SQLHelper.swift in Sources */ = {isa = PBXBuildFile; fileRef = 36088A341F1D194200D53B19 /* SQLHelper.swift */; };
		364925001F1CFE0800DE724D /* SWRevealViewController.m in Sources */ = {isa = PBXBuildFile; fileRef = 364924FF1F1CFE0800DE724D /* SWRevealViewController.m */; };
		364925021F1D0A5700DE724D /* AddEditDog.swift in Sources */ = {isa = PBXBuildFile; fileRef = 364925011F1D0A5700DE724D /* AddEditDog.swift */; };
		364925041F1D125100DE724D /* UserWalkingTheDogSettings.swift in Sources */ = {isa = PBXBuildFile; fileRef = 364925031F1D125100DE724D /* UserWalkingTheDogSettings.swift */; };
		366112B71F210CDC0043DB5D /* ImportDog.swift in Sources */ = {isa = PBXBuildFile; fileRef = 366112B61F210CDC0043DB5D /* ImportDog.swift */; };
		36888C4F1F22479B007218FC /* ViewEditDogs.swift in Sources */ = {isa = PBXBuildFile; fileRef = 36888C4E1F22479B007218FC /* ViewEditDogs.swift */; };
		36888C511F224C48007218FC /* CellData.swift in Sources */ = {isa = PBXBuildFile; fileRef = 36888C501F224C48007218FC /* CellData.swift */; };
		36888C551F225DA3007218FC /* Achievements.swift in Sources */ = {isa = PBXBuildFile; fileRef = 36888C541F225DA3007218FC /* Achievements.swift */; };
		36888C571F22989D007218FC /* TrackWalk.swift in Sources */ = {isa = PBXBuildFile; fileRef = 36888C561F22989C007218FC /* TrackWalk.swift */; };
		36B394061F1D1DC1007494F0 /* SQLite.framework in Frameworks */ = {isa = PBXBuildFile; fileRef = 36B394051F1D1DC1007494F0 /* SQLite.framework */; };
		36B394081F1D1DD1007494F0 /* SQLite.framework in Embed Frameworks */ = {isa = PBXBuildFile; fileRef = 36B394051F1D1DC1007494F0 /* SQLite.framework */; settings = {ATTRIBUTES = (CodeSignOnCopy, RemoveHeadersOnCopy, ); }; };
		36B3940B1F1E5870007494F0 /* ImageStore.swift in Sources */ = {isa = PBXBuildFile; fileRef = 36B3940A1F1E5870007494F0 /* ImageStore.swift */; };
		36DE36D61F265907002F4134 /* WalkSummary.swift in Sources */ = {isa = PBXBuildFile; fileRef = 36DE36D51F265907002F4134 /* WalkSummary.swift */; };
		3F0642BD02F912889A6D09B5 /* Pods_WalkingTheDog.framework in Frameworks */ = {isa = PBXBuildFile; fileRef = 6FD5FCEA6274611D54E9E422 /* Pods_WalkingTheDog.framework */; };
		592DD9F4E502A988B7AFC614 /* Pods_WalkingTheDogUITests.framework in Frameworks */ = {isa = PBXBuildFile; fileRef = 30A4D84CA63E6456CC03DF0F /* Pods_WalkingTheDogUITests.framework */; };
		CC1EB77125E741F8516AF66E /* Pods_WalkingTheDogTests.framework in Frameworks */ = {isa = PBXBuildFile; fileRef = 3A50A47344B0D001585B2565 /* Pods_WalkingTheDogTests.framework */; };
/* End PBXBuildFile section */

/* Begin PBXContainerItemProxy section */
		360162131F19046600B1B2A8 /* PBXContainerItemProxy */ = {
			isa = PBXContainerItemProxy;
			containerPortal = 360161F61F19046500B1B2A8 /* Project object */;
			proxyType = 1;
			remoteGlobalIDString = 360161FD1F19046500B1B2A8;
			remoteInfo = WalkingTheDog;
		};
		3601621E1F19046600B1B2A8 /* PBXContainerItemProxy */ = {
			isa = PBXContainerItemProxy;
			containerPortal = 360161F61F19046500B1B2A8 /* Project object */;
			proxyType = 1;
			remoteGlobalIDString = 360161FD1F19046500B1B2A8;
			remoteInfo = WalkingTheDog;
		};
/* End PBXContainerItemProxy section */

/* Begin PBXCopyFilesBuildPhase section */
		36B394091F1D1DD1007494F0 /* Embed Frameworks */ = {
			isa = PBXCopyFilesBuildPhase;
			buildActionMask = 2147483647;
			dstPath = "";
			dstSubfolderSpec = 10;
			files = (
				36B394081F1D1DD1007494F0 /* SQLite.framework in Embed Frameworks */,
			);
			name = "Embed Frameworks";
			runOnlyForDeploymentPostprocessing = 0;
		};
/* End PBXCopyFilesBuildPhase section */

/* Begin PBXFileReference section */
		225C58A7CC900ACC3ED49056 /* Pods-WalkingTheDogUITests.release.xcconfig */ = {isa = PBXFileReference; includeInIndex = 1; lastKnownFileType = text.xcconfig; name = "Pods-WalkingTheDogUITests.release.xcconfig"; path = "Pods/Target Support Files/Pods-WalkingTheDogUITests/Pods-WalkingTheDogUITests.release.xcconfig"; sourceTree = "<group>"; };
		24A543DF6766AE009268924B /* Pods-WalkingTheDogUITests.debug.xcconfig */ = {isa = PBXFileReference; includeInIndex = 1; lastKnownFileType = text.xcconfig; name = "Pods-WalkingTheDogUITests.debug.xcconfig"; path = "Pods/Target Support Files/Pods-WalkingTheDogUITests/Pods-WalkingTheDogUITests.debug.xcconfig"; sourceTree = "<group>"; };
		30A4D84CA63E6456CC03DF0F /* Pods_WalkingTheDogUITests.framework */ = {isa = PBXFileReference; explicitFileType = wrapper.framework; includeInIndex = 0; path = Pods_WalkingTheDogUITests.framework; sourceTree = BUILT_PRODUCTS_DIR; };
		360161FE1F19046500B1B2A8 /* WalkingTheDog.app */ = {isa = PBXFileReference; explicitFileType = wrapper.application; includeInIndex = 0; path = WalkingTheDog.app; sourceTree = BUILT_PRODUCTS_DIR; };
		360162011F19046500B1B2A8 /* AppDelegate.swift */ = {isa = PBXFileReference; lastKnownFileType = sourcecode.swift; lineEnding = 0; path = AppDelegate.swift; sourceTree = "<group>"; xcLanguageSpecificationIdentifier = xcode.lang.swift; };
		360162031F19046500B1B2A8 /* ViewController.swift */ = {isa = PBXFileReference; lastKnownFileType = sourcecode.swift; path = ViewController.swift; sourceTree = "<group>"; };
		360162061F19046500B1B2A8 /* Base */ = {isa = PBXFileReference; lastKnownFileType = file.storyboard; name = Base; path = Base.lproj/Main.storyboard; sourceTree = "<group>"; };
		360162081F19046500B1B2A8 /* Assets.xcassets */ = {isa = PBXFileReference; lastKnownFileType = folder.assetcatalog; path = Assets.xcassets; sourceTree = "<group>"; };
		3601620B1F19046500B1B2A8 /* Base */ = {isa = PBXFileReference; lastKnownFileType = file.storyboard; name = Base; path = Base.lproj/LaunchScreen.storyboard; sourceTree = "<group>"; };
		3601620D1F19046500B1B2A8 /* Info.plist */ = {isa = PBXFileReference; lastKnownFileType = text.plist.xml; path = Info.plist; sourceTree = "<group>"; };
		360162121F19046600B1B2A8 /* WalkingTheDogTests.xctest */ = {isa = PBXFileReference; explicitFileType = wrapper.cfbundle; includeInIndex = 0; path = WalkingTheDogTests.xctest; sourceTree = BUILT_PRODUCTS_DIR; };
		360162161F19046600B1B2A8 /* WalkingTheDogTests.swift */ = {isa = PBXFileReference; lastKnownFileType = sourcecode.swift; path = WalkingTheDogTests.swift; sourceTree = "<group>"; };
		360162181F19046600B1B2A8 /* Info.plist */ = {isa = PBXFileReference; lastKnownFileType = text.plist.xml; path = Info.plist; sourceTree = "<group>"; };
		3601621D1F19046600B1B2A8 /* WalkingTheDogUITests.xctest */ = {isa = PBXFileReference; explicitFileType = wrapper.cfbundle; includeInIndex = 0; path = WalkingTheDogUITests.xctest; sourceTree = BUILT_PRODUCTS_DIR; };
		360162211F19046600B1B2A8 /* WalkingTheDogUITests.swift */ = {isa = PBXFileReference; lastKnownFileType = sourcecode.swift; path = WalkingTheDogUITests.swift; sourceTree = "<group>"; };
		360162231F19046600B1B2A8 /* Info.plist */ = {isa = PBXFileReference; lastKnownFileType = text.plist.xml; path = Info.plist; sourceTree = "<group>"; };
		3601622F1F19047D00B1B2A8 /* GoogleService-Info.plist */ = {isa = PBXFileReference; fileEncoding = 4; lastKnownFileType = text.plist.xml; path = "GoogleService-Info.plist"; sourceTree = "<group>"; };
		36088A341F1D194200D53B19 /* SQLHelper.swift */ = {isa = PBXFileReference; fileEncoding = 4; lastKnownFileType = sourcecode.swift; lineEnding = 0; path = SQLHelper.swift; sourceTree = "<group>"; xcLanguageSpecificationIdentifier = xcode.lang.swift; };
		364924FD1F1CFE0700DE724D /* WalkingTheDog-Bridging-Header.h */ = {isa = PBXFileReference; lastKnownFileType = sourcecode.c.h; path = "WalkingTheDog-Bridging-Header.h"; sourceTree = "<group>"; };
		364924FE1F1CFE0800DE724D /* SWRevealViewController.h */ = {isa = PBXFileReference; fileEncoding = 4; lastKnownFileType = sourcecode.c.h; path = SWRevealViewController.h; sourceTree = "<group>"; };
		364924FF1F1CFE0800DE724D /* SWRevealViewController.m */ = {isa = PBXFileReference; fileEncoding = 4; lastKnownFileType = sourcecode.c.objc; path = SWRevealViewController.m; sourceTree = "<group>"; };
		364925011F1D0A5700DE724D /* AddEditDog.swift */ = {isa = PBXFileReference; fileEncoding = 4; lastKnownFileType = sourcecode.swift; lineEnding = 0; path = AddEditDog.swift; sourceTree = "<group>"; xcLanguageSpecificationIdentifier = xcode.lang.swift; };
		364925031F1D125100DE724D /* UserWalkingTheDogSettings.swift */ = {isa = PBXFileReference; fileEncoding = 4; lastKnownFileType = sourcecode.swift; path = UserWalkingTheDogSettings.swift; sourceTree = "<group>"; };
		366112B61F210CDC0043DB5D /* ImportDog.swift */ = {isa = PBXFileReference; fileEncoding = 4; lastKnownFileType = sourcecode.swift; path = ImportDog.swift; sourceTree = "<group>"; };
		36888C4E1F22479B007218FC /* ViewEditDogs.swift */ = {isa = PBXFileReference; fileEncoding = 4; lastKnownFileType = sourcecode.swift; path = ViewEditDogs.swift; sourceTree = "<group>"; };
		36888C501F224C48007218FC /* CellData.swift */ = {isa = PBXFileReference; fileEncoding = 4; lastKnownFileType = sourcecode.swift; path = CellData.swift; sourceTree = "<group>"; };
		36888C541F225DA3007218FC /* Achievements.swift */ = {isa = PBXFileReference; fileEncoding = 4; lastKnownFileType = sourcecode.swift; path = Achievements.swift; sourceTree = "<group>"; };
		36888C561F22989C007218FC /* TrackWalk.swift */ = {isa = PBXFileReference; fileEncoding = 4; lastKnownFileType = sourcecode.swift; path = TrackWalk.swift; sourceTree = "<group>"; };
		36B394051F1D1DC1007494F0 /* SQLite.framework */ = {isa = PBXFileReference; lastKnownFileType = wrapper.framework; name = SQLite.framework; path = "../../../../Library/Developer/Xcode/DerivedData/WalkingTheDog-dtbdwcufjczsubcwtjvfxlrcxulo/Build/Products/Debug-iphonesimulator/SQLite.swift/SQLite.framework"; sourceTree = "<group>"; };
		36B3940A1F1E5870007494F0 /* ImageStore.swift */ = {isa = PBXFileReference; fileEncoding = 4; lastKnownFileType = sourcecode.swift; path = ImageStore.swift; sourceTree = "<group>"; };
		36DE36D51F265907002F4134 /* WalkSummary.swift */ = {isa = PBXFileReference; fileEncoding = 4; lastKnownFileType = sourcecode.swift; path = WalkSummary.swift; sourceTree = "<group>"; };
		3A50A47344B0D001585B2565 /* Pods_WalkingTheDogTests.framework */ = {isa = PBXFileReference; explicitFileType = wrapper.framework; includeInIndex = 0; path = Pods_WalkingTheDogTests.framework; sourceTree = BUILT_PRODUCTS_DIR; };
		3F2745F2FB53018449F2E073 /* Pods-WalkingTheDog.debug.xcconfig */ = {isa = PBXFileReference; includeInIndex = 1; lastKnownFileType = text.xcconfig; name = "Pods-WalkingTheDog.debug.xcconfig"; path = "Pods/Target Support Files/Pods-WalkingTheDog/Pods-WalkingTheDog.debug.xcconfig"; sourceTree = "<group>"; };
		6FD5FCEA6274611D54E9E422 /* Pods_WalkingTheDog.framework */ = {isa = PBXFileReference; explicitFileType = wrapper.framework; includeInIndex = 0; path = Pods_WalkingTheDog.framework; sourceTree = BUILT_PRODUCTS_DIR; };
		9959A679CDC2C1496A3D115B /* Pods-WalkingTheDogTests.release.xcconfig */ = {isa = PBXFileReference; includeInIndex = 1; lastKnownFileType = text.xcconfig; name = "Pods-WalkingTheDogTests.release.xcconfig"; path = "Pods/Target Support Files/Pods-WalkingTheDogTests/Pods-WalkingTheDogTests.release.xcconfig"; sourceTree = "<group>"; };
		C8A5D8B2AE7EE04D41FD2335 /* Pods-WalkingTheDog.release.xcconfig */ = {isa = PBXFileReference; includeInIndex = 1; lastKnownFileType = text.xcconfig; name = "Pods-WalkingTheDog.release.xcconfig"; path = "Pods/Target Support Files/Pods-WalkingTheDog/Pods-WalkingTheDog.release.xcconfig"; sourceTree = "<group>"; };
		EBABBC013EB578FD0CB7C60D /* Pods-WalkingTheDogTests.debug.xcconfig */ = {isa = PBXFileReference; includeInIndex = 1; lastKnownFileType = text.xcconfig; name = "Pods-WalkingTheDogTests.debug.xcconfig"; path = "Pods/Target Support Files/Pods-WalkingTheDogTests/Pods-WalkingTheDogTests.debug.xcconfig"; sourceTree = "<group>"; };
/* End PBXFileReference section */

/* Begin PBXFrameworksBuildPhase section */
		360161FB1F19046500B1B2A8 /* Frameworks */ = {
			isa = PBXFrameworksBuildPhase;
			buildActionMask = 2147483647;
			files = (
				36B394061F1D1DC1007494F0 /* SQLite.framework in Frameworks */,
				3F0642BD02F912889A6D09B5 /* Pods_WalkingTheDog.framework in Frameworks */,
			);
			runOnlyForDeploymentPostprocessing = 0;
		};
		3601620F1F19046600B1B2A8 /* Frameworks */ = {
			isa = PBXFrameworksBuildPhase;
			buildActionMask = 2147483647;
			files = (
				CC1EB77125E741F8516AF66E /* Pods_WalkingTheDogTests.framework in Frameworks */,
			);
			runOnlyForDeploymentPostprocessing = 0;
		};
		3601621A1F19046600B1B2A8 /* Frameworks */ = {
			isa = PBXFrameworksBuildPhase;
			buildActionMask = 2147483647;
			files = (
				592DD9F4E502A988B7AFC614 /* Pods_WalkingTheDogUITests.framework in Frameworks */,
			);
			runOnlyForDeploymentPostprocessing = 0;
		};
/* End PBXFrameworksBuildPhase section */

/* Begin PBXGroup section */
		360161F51F19046500B1B2A8 = {
			isa = PBXGroup;
			children = (
				360162001F19046500B1B2A8 /* WalkingTheDog */,
				360162151F19046600B1B2A8 /* WalkingTheDogTests */,
				360162201F19046600B1B2A8 /* WalkingTheDogUITests */,
				360161FF1F19046500B1B2A8 /* Products */,
				3F0F911141B95AC1FBAFE4B2 /* Pods */,
				84E929B241CAF3E0580EF10A /* Frameworks */,
			);
			sourceTree = "<group>";
		};
		360161FF1F19046500B1B2A8 /* Products */ = {
			isa = PBXGroup;
			children = (
				360161FE1F19046500B1B2A8 /* WalkingTheDog.app */,
				360162121F19046600B1B2A8 /* WalkingTheDogTests.xctest */,
				3601621D1F19046600B1B2A8 /* WalkingTheDogUITests.xctest */,
			);
			name = Products;
			sourceTree = "<group>";
		};
		360162001F19046500B1B2A8 /* WalkingTheDog */ = {
			isa = PBXGroup;
			children = (
				360162011F19046500B1B2A8 /* AppDelegate.swift */,
				360162031F19046500B1B2A8 /* ViewController.swift */,
				360162051F19046500B1B2A8 /* Main.storyboard */,
				364925011F1D0A5700DE724D /* AddEditDog.swift */,
				360162081F19046500B1B2A8 /* Assets.xcassets */,
				3601620A1F19046500B1B2A8 /* LaunchScreen.storyboard */,
				3601620D1F19046500B1B2A8 /* Info.plist */,
				364924FE1F1CFE0800DE724D /* SWRevealViewController.h */,
				364924FF1F1CFE0800DE724D /* SWRevealViewController.m */,
				3601622F1F19047D00B1B2A8 /* GoogleService-Info.plist */,
				364924FD1F1CFE0700DE724D /* WalkingTheDog-Bridging-Header.h */,
				364925031F1D125100DE724D /* UserWalkingTheDogSettings.swift */,
				36088A341F1D194200D53B19 /* SQLHelper.swift */,
				36B3940A1F1E5870007494F0 /* ImageStore.swift */,
				366112B61F210CDC0043DB5D /* ImportDog.swift */,
				36888C4E1F22479B007218FC /* ViewEditDogs.swift */,
				36888C501F224C48007218FC /* CellData.swift */,
				36888C541F225DA3007218FC /* Achievements.swift */,
				36888C561F22989C007218FC /* TrackWalk.swift */,
				36DE36D51F265907002F4134 /* WalkSummary.swift */,
			);
			path = WalkingTheDog;
			sourceTree = "<group>";
		};
		360162151F19046600B1B2A8 /* WalkingTheDogTests */ = {
			isa = PBXGroup;
			children = (
				360162161F19046600B1B2A8 /* WalkingTheDogTests.swift */,
				360162181F19046600B1B2A8 /* Info.plist */,
			);
			path = WalkingTheDogTests;
			sourceTree = "<group>";
		};
		360162201F19046600B1B2A8 /* WalkingTheDogUITests */ = {
			isa = PBXGroup;
			children = (
				360162211F19046600B1B2A8 /* WalkingTheDogUITests.swift */,
				360162231F19046600B1B2A8 /* Info.plist */,
			);
			path = WalkingTheDogUITests;
			sourceTree = "<group>";
		};
		3F0F911141B95AC1FBAFE4B2 /* Pods */ = {
			isa = PBXGroup;
			children = (
				3F2745F2FB53018449F2E073 /* Pods-WalkingTheDog.debug.xcconfig */,
				C8A5D8B2AE7EE04D41FD2335 /* Pods-WalkingTheDog.release.xcconfig */,
				EBABBC013EB578FD0CB7C60D /* Pods-WalkingTheDogTests.debug.xcconfig */,
				9959A679CDC2C1496A3D115B /* Pods-WalkingTheDogTests.release.xcconfig */,
				24A543DF6766AE009268924B /* Pods-WalkingTheDogUITests.debug.xcconfig */,
				225C58A7CC900ACC3ED49056 /* Pods-WalkingTheDogUITests.release.xcconfig */,
			);
			name = Pods;
			sourceTree = "<group>";
		};
		84E929B241CAF3E0580EF10A /* Frameworks */ = {
			isa = PBXGroup;
			children = (
				36B394051F1D1DC1007494F0 /* SQLite.framework */,
				6FD5FCEA6274611D54E9E422 /* Pods_WalkingTheDog.framework */,
				3A50A47344B0D001585B2565 /* Pods_WalkingTheDogTests.framework */,
				30A4D84CA63E6456CC03DF0F /* Pods_WalkingTheDogUITests.framework */,
			);
			name = Frameworks;
			sourceTree = "<group>";
		};
/* End PBXGroup section */

/* Begin PBXNativeTarget section */
		360161FD1F19046500B1B2A8 /* WalkingTheDog */ = {
			isa = PBXNativeTarget;
			buildConfigurationList = 360162261F19046600B1B2A8 /* Build configuration list for PBXNativeTarget "WalkingTheDog" */;
			buildPhases = (
				853D7055CB395402F2EC334F /* [CP] Check Pods Manifest.lock */,
				360161FA1F19046500B1B2A8 /* Sources */,
				360161FB1F19046500B1B2A8 /* Frameworks */,
				360161FC1F19046500B1B2A8 /* Resources */,
				4F7C02BB3A4B8B1C42E8E004 /* [CP] Embed Pods Frameworks */,
				C503D533628C0ACC6871287E /* [CP] Copy Pods Resources */,
				36B394091F1D1DD1007494F0 /* Embed Frameworks */,
			);
			buildRules = (
			);
			dependencies = (
			);
			name = WalkingTheDog;
			productName = WalkingTheDog;
			productReference = 360161FE1F19046500B1B2A8 /* WalkingTheDog.app */;
			productType = "com.apple.product-type.application";
		};
		360162111F19046600B1B2A8 /* WalkingTheDogTests */ = {
			isa = PBXNativeTarget;
			buildConfigurationList = 360162291F19046600B1B2A8 /* Build configuration list for PBXNativeTarget "WalkingTheDogTests" */;
			buildPhases = (
				EBBC8A0C7A384081CB660EF8 /* [CP] Check Pods Manifest.lock */,
				3601620E1F19046600B1B2A8 /* Sources */,
				3601620F1F19046600B1B2A8 /* Frameworks */,
				360162101F19046600B1B2A8 /* Resources */,
				09906E0E8C7BE1BFD9E2F660 /* [CP] Embed Pods Frameworks */,
				3755FF13D69D03D9A7900159 /* [CP] Copy Pods Resources */,
			);
			buildRules = (
			);
			dependencies = (
				360162141F19046600B1B2A8 /* PBXTargetDependency */,
			);
			name = WalkingTheDogTests;
			productName = WalkingTheDogTests;
			productReference = 360162121F19046600B1B2A8 /* WalkingTheDogTests.xctest */;
			productType = "com.apple.product-type.bundle.unit-test";
		};
		3601621C1F19046600B1B2A8 /* WalkingTheDogUITests */ = {
			isa = PBXNativeTarget;
			buildConfigurationList = 3601622C1F19046600B1B2A8 /* Build configuration list for PBXNativeTarget "WalkingTheDogUITests" */;
			buildPhases = (
				0EE524F7FED94696F84C6127 /* [CP] Check Pods Manifest.lock */,
				360162191F19046600B1B2A8 /* Sources */,
				3601621A1F19046600B1B2A8 /* Frameworks */,
				3601621B1F19046600B1B2A8 /* Resources */,
				FBC1B1949726553E01F5E507 /* [CP] Embed Pods Frameworks */,
				AF46A6268D82B7F74781415A /* [CP] Copy Pods Resources */,
			);
			buildRules = (
			);
			dependencies = (
				3601621F1F19046600B1B2A8 /* PBXTargetDependency */,
			);
			name = WalkingTheDogUITests;
			productName = WalkingTheDogUITests;
			productReference = 3601621D1F19046600B1B2A8 /* WalkingTheDogUITests.xctest */;
			productType = "com.apple.product-type.bundle.ui-testing";
		};
/* End PBXNativeTarget section */

/* Begin PBXProject section */
		360161F61F19046500B1B2A8 /* Project object */ = {
			isa = PBXProject;
			attributes = {
				LastSwiftUpdateCheck = 0830;
				LastUpgradeCheck = 0830;
				ORGANIZATIONNAME = cagocapps;
				TargetAttributes = {
					360161FD1F19046500B1B2A8 = {
						CreatedOnToolsVersion = 8.3.3;
						DevelopmentTeam = CKT72NR3AB;
						LastSwiftMigration = 0830;
						ProvisioningStyle = Automatic;
					};
					360162111F19046600B1B2A8 = {
						CreatedOnToolsVersion = 8.3.3;
						ProvisioningStyle = Automatic;
						TestTargetID = 360161FD1F19046500B1B2A8;
					};
					3601621C1F19046600B1B2A8 = {
						CreatedOnToolsVersion = 8.3.3;
						ProvisioningStyle = Automatic;
						TestTargetID = 360161FD1F19046500B1B2A8;
					};
				};
			};
			buildConfigurationList = 360161F91F19046500B1B2A8 /* Build configuration list for PBXProject "WalkingTheDog" */;
			compatibilityVersion = "Xcode 3.2";
			developmentRegion = English;
			hasScannedForEncodings = 0;
			knownRegions = (
				en,
				Base,
			);
			mainGroup = 360161F51F19046500B1B2A8;
			productRefGroup = 360161FF1F19046500B1B2A8 /* Products */;
			projectDirPath = "";
			projectRoot = "";
			targets = (
				360161FD1F19046500B1B2A8 /* WalkingTheDog */,
				360162111F19046600B1B2A8 /* WalkingTheDogTests */,
				3601621C1F19046600B1B2A8 /* WalkingTheDogUITests */,
			);
		};
/* End PBXProject section */

/* Begin PBXResourcesBuildPhase section */
		360161FC1F19046500B1B2A8 /* Resources */ = {
			isa = PBXResourcesBuildPhase;
			buildActionMask = 2147483647;
			files = (
				3601620C1F19046500B1B2A8 /* LaunchScreen.storyboard in Resources */,
				360162301F19047D00B1B2A8 /* GoogleService-Info.plist in Resources */,
				360162091F19046500B1B2A8 /* Assets.xcassets in Resources */,
				360162071F19046500B1B2A8 /* Main.storyboard in Resources */,
			);
			runOnlyForDeploymentPostprocessing = 0;
		};
		360162101F19046600B1B2A8 /* Resources */ = {
			isa = PBXResourcesBuildPhase;
			buildActionMask = 2147483647;
			files = (
			);
			runOnlyForDeploymentPostprocessing = 0;
		};
		3601621B1F19046600B1B2A8 /* Resources */ = {
			isa = PBXResourcesBuildPhase;
			buildActionMask = 2147483647;
			files = (
			);
			runOnlyForDeploymentPostprocessing = 0;
		};
/* End PBXResourcesBuildPhase section */

/* Begin PBXShellScriptBuildPhase section */
		09906E0E8C7BE1BFD9E2F660 /* [CP] Embed Pods Frameworks */ = {
			isa = PBXShellScriptBuildPhase;
			buildActionMask = 2147483647;
			files = (
			);
			inputPaths = (
			);
			name = "[CP] Embed Pods Frameworks";
			outputPaths = (
			);
			runOnlyForDeploymentPostprocessing = 0;
			shellPath = /bin/sh;
			shellScript = "\"${SRCROOT}/Pods/Target Support Files/Pods-WalkingTheDogTests/Pods-WalkingTheDogTests-frameworks.sh\"\n";
			showEnvVarsInLog = 0;
		};
		0EE524F7FED94696F84C6127 /* [CP] Check Pods Manifest.lock */ = {
			isa = PBXShellScriptBuildPhase;
			buildActionMask = 2147483647;
			files = (
			);
			inputPaths = (
			);
			name = "[CP] Check Pods Manifest.lock";
			outputPaths = (
			);
			runOnlyForDeploymentPostprocessing = 0;
			shellPath = /bin/sh;
			shellScript = "diff \"${PODS_PODFILE_DIR_PATH}/Podfile.lock\" \"${PODS_ROOT}/Manifest.lock\" > /dev/null\nif [ $? != 0 ] ; then\n    # print error to STDERR\n    echo \"error: The sandbox is not in sync with the Podfile.lock. Run 'pod install' or update your CocoaPods installation.\" >&2\n    exit 1\nfi\n";
			showEnvVarsInLog = 0;
		};
		3755FF13D69D03D9A7900159 /* [CP] Copy Pods Resources */ = {
			isa = PBXShellScriptBuildPhase;
			buildActionMask = 2147483647;
			files = (
			);
			inputPaths = (
			);
			name = "[CP] Copy Pods Resources";
			outputPaths = (
			);
			runOnlyForDeploymentPostprocessing = 0;
			shellPath = /bin/sh;
			shellScript = "\"${SRCROOT}/Pods/Target Support Files/Pods-WalkingTheDogTests/Pods-WalkingTheDogTests-resources.sh\"\n";
			showEnvVarsInLog = 0;
		};
		4F7C02BB3A4B8B1C42E8E004 /* [CP] Embed Pods Frameworks */ = {
			isa = PBXShellScriptBuildPhase;
			buildActionMask = 2147483647;
			files = (
			);
			inputPaths = (
			);
			name = "[CP] Embed Pods Frameworks";
			outputPaths = (
			);
			runOnlyForDeploymentPostprocessing = 0;
			shellPath = /bin/sh;
			shellScript = "\"${SRCROOT}/Pods/Target Support Files/Pods-WalkingTheDog/Pods-WalkingTheDog-frameworks.sh\"\n";
			showEnvVarsInLog = 0;
		};
		853D7055CB395402F2EC334F /* [CP] Check Pods Manifest.lock */ = {
			isa = PBXShellScriptBuildPhase;
			buildActionMask = 2147483647;
			files = (
			);
			inputPaths = (
			);
			name = "[CP] Check Pods Manifest.lock";
			outputPaths = (
			);
			runOnlyForDeploymentPostprocessing = 0;
			shellPath = /bin/sh;
			shellScript = "diff \"${PODS_PODFILE_DIR_PATH}/Podfile.lock\" \"${PODS_ROOT}/Manifest.lock\" > /dev/null\nif [ $? != 0 ] ; then\n    # print error to STDERR\n    echo \"error: The sandbox is not in sync with the Podfile.lock. Run 'pod install' or update your CocoaPods installation.\" >&2\n    exit 1\nfi\n";
			showEnvVarsInLog = 0;
		};
		AF46A6268D82B7F74781415A /* [CP] Copy Pods Resources */ = {
			isa = PBXShellScriptBuildPhase;
			buildActionMask = 2147483647;
			files = (
			);
			inputPaths = (
			);
			name = "[CP] Copy Pods Resources";
			outputPaths = (
			);
			runOnlyForDeploymentPostprocessing = 0;
			shellPath = /bin/sh;
			shellScript = "\"${SRCROOT}/Pods/Target Support Files/Pods-WalkingTheDogUITests/Pods-WalkingTheDogUITests-resources.sh\"\n";
			showEnvVarsInLog = 0;
		};
		C503D533628C0ACC6871287E /* [CP] Copy Pods Resources */ = {
			isa = PBXShellScriptBuildPhase;
			buildActionMask = 2147483647;
			files = (
			);
			inputPaths = (
			);
			name = "[CP] Copy Pods Resources";
			outputPaths = (
			);
			runOnlyForDeploymentPostprocessing = 0;
			shellPath = /bin/sh;
			shellScript = "\"${SRCROOT}/Pods/Target Support Files/Pods-WalkingTheDog/Pods-WalkingTheDog-resources.sh\"\n";
			showEnvVarsInLog = 0;
		};
		EBBC8A0C7A384081CB660EF8 /* [CP] Check Pods Manifest.lock */ = {
			isa = PBXShellScriptBuildPhase;
			buildActionMask = 2147483647;
			files = (
			);
			inputPaths = (
			);
			name = "[CP] Check Pods Manifest.lock";
			outputPaths = (
			);
			runOnlyForDeploymentPostprocessing = 0;
			shellPath = /bin/sh;
			shellScript = "diff \"${PODS_PODFILE_DIR_PATH}/Podfile.lock\" \"${PODS_ROOT}/Manifest.lock\" > /dev/null\nif [ $? != 0 ] ; then\n    # print error to STDERR\n    echo \"error: The sandbox is not in sync with the Podfile.lock. Run 'pod install' or update your CocoaPods installation.\" >&2\n    exit 1\nfi\n";
			showEnvVarsInLog = 0;
		};
		FBC1B1949726553E01F5E507 /* [CP] Embed Pods Frameworks */ = {
			isa = PBXShellScriptBuildPhase;
			buildActionMask = 2147483647;
			files = (
			);
			inputPaths = (
			);
			name = "[CP] Embed Pods Frameworks";
			outputPaths = (
			);
			runOnlyForDeploymentPostprocessing = 0;
			shellPath = /bin/sh;
			shellScript = "\"${SRCROOT}/Pods/Target Support Files/Pods-WalkingTheDogUITests/Pods-WalkingTheDogUITests-frameworks.sh\"\n";
			showEnvVarsInLog = 0;
		};
/* End PBXShellScriptBuildPhase section */

/* Begin PBXSourcesBuildPhase section */
		360161FA1F19046500B1B2A8 /* Sources */ = {
			isa = PBXSourcesBuildPhase;
			buildActionMask = 2147483647;
			files = (
				36DE36D61F265907002F4134 /* WalkSummary.swift in Sources */,
				364925021F1D0A5700DE724D /* AddEditDog.swift in Sources */,
				360162041F19046500B1B2A8 /* ViewController.swift in Sources */,
				36088A351F1D194200D53B19 /* SQLHelper.swift in Sources */,
				36888C511F224C48007218FC /* CellData.swift in Sources */,
				36888C4F1F22479B007218FC /* ViewEditDogs.swift in Sources */,
				360162021F19046500B1B2A8 /* AppDelegate.swift in Sources */,
				36888C571F22989D007218FC /* TrackWalk.swift in Sources */,
				364925041F1D125100DE724D /* UserWalkingTheDogSettings.swift in Sources */,
				36B3940B1F1E5870007494F0 /* ImageStore.swift in Sources */,
				364925001F1CFE0800DE724D /* SWRevealViewController.m in Sources */,
				366112B71F210CDC0043DB5D /* ImportDog.swift in Sources */,
				36888C551F225DA3007218FC /* Achievements.swift in Sources */,
			);
			runOnlyForDeploymentPostprocessing = 0;
		};
		3601620E1F19046600B1B2A8 /* Sources */ = {
			isa = PBXSourcesBuildPhase;
			buildActionMask = 2147483647;
			files = (
				360162171F19046600B1B2A8 /* WalkingTheDogTests.swift in Sources */,
			);
			runOnlyForDeploymentPostprocessing = 0;
		};
		360162191F19046600B1B2A8 /* Sources */ = {
			isa = PBXSourcesBuildPhase;
			buildActionMask = 2147483647;
			files = (
				360162221F19046600B1B2A8 /* WalkingTheDogUITests.swift in Sources */,
			);
			runOnlyForDeploymentPostprocessing = 0;
		};
/* End PBXSourcesBuildPhase section */

/* Begin PBXTargetDependency section */
		360162141F19046600B1B2A8 /* PBXTargetDependency */ = {
			isa = PBXTargetDependency;
			target = 360161FD1F19046500B1B2A8 /* WalkingTheDog */;
			targetProxy = 360162131F19046600B1B2A8 /* PBXContainerItemProxy */;
		};
		3601621F1F19046600B1B2A8 /* PBXTargetDependency */ = {
			isa = PBXTargetDependency;
			target = 360161FD1F19046500B1B2A8 /* WalkingTheDog */;
			targetProxy = 3601621E1F19046600B1B2A8 /* PBXContainerItemProxy */;
		};
/* End PBXTargetDependency section */

/* Begin PBXVariantGroup section */
		360162051F19046500B1B2A8 /* Main.storyboard */ = {
			isa = PBXVariantGroup;
			children = (
				360162061F19046500B1B2A8 /* Base */,
			);
			name = Main.storyboard;
			sourceTree = "<group>";
		};
		3601620A1F19046500B1B2A8 /* LaunchScreen.storyboard */ = {
			isa = PBXVariantGroup;
			children = (
				3601620B1F19046500B1B2A8 /* Base */,
			);
			name = LaunchScreen.storyboard;
			sourceTree = "<group>";
		};
/* End PBXVariantGroup section */

/* Begin XCBuildConfiguration section */
		360162241F19046600B1B2A8 /* Debug */ = {
			isa = XCBuildConfiguration;
			buildSettings = {
				ALWAYS_SEARCH_USER_PATHS = NO;
				CLANG_ANALYZER_NONNULL = YES;
				CLANG_ANALYZER_NUMBER_OBJECT_CONVERSION = YES_AGGRESSIVE;
				CLANG_CXX_LANGUAGE_STANDARD = "gnu++0x";
				CLANG_CXX_LIBRARY = "libc++";
				CLANG_ENABLE_MODULES = YES;
				CLANG_ENABLE_OBJC_ARC = YES;
				CLANG_WARN_BOOL_CONVERSION = YES;
				CLANG_WARN_CONSTANT_CONVERSION = YES;
				CLANG_WARN_DIRECT_OBJC_ISA_USAGE = YES_ERROR;
				CLANG_WARN_DOCUMENTATION_COMMENTS = YES;
				CLANG_WARN_EMPTY_BODY = YES;
				CLANG_WARN_ENUM_CONVERSION = YES;
				CLANG_WARN_INFINITE_RECURSION = YES;
				CLANG_WARN_INT_CONVERSION = YES;
				CLANG_WARN_OBJC_ROOT_CLASS = YES_ERROR;
				CLANG_WARN_SUSPICIOUS_MOVE = YES;
				CLANG_WARN_UNREACHABLE_CODE = YES;
				CLANG_WARN__DUPLICATE_METHOD_MATCH = YES;
				"CODE_SIGN_IDENTITY[sdk=iphoneos*]" = "iPhone Developer";
				COPY_PHASE_STRIP = NO;
				DEBUG_INFORMATION_FORMAT = dwarf;
				ENABLE_STRICT_OBJC_MSGSEND = YES;
				ENABLE_TESTABILITY = YES;
				GCC_C_LANGUAGE_STANDARD = gnu99;
				GCC_DYNAMIC_NO_PIC = NO;
				GCC_NO_COMMON_BLOCKS = YES;
				GCC_OPTIMIZATION_LEVEL = 0;
				GCC_PREPROCESSOR_DEFINITIONS = (
					"DEBUG=1",
					"$(inherited)",
				);
				GCC_WARN_64_TO_32_BIT_CONVERSION = YES;
				GCC_WARN_ABOUT_RETURN_TYPE = YES_ERROR;
				GCC_WARN_UNDECLARED_SELECTOR = YES;
				GCC_WARN_UNINITIALIZED_AUTOS = YES_AGGRESSIVE;
				GCC_WARN_UNUSED_FUNCTION = YES;
				GCC_WARN_UNUSED_VARIABLE = YES;
				IPHONEOS_DEPLOYMENT_TARGET = 10.3;
				MTL_ENABLE_DEBUG_INFO = YES;
				ONLY_ACTIVE_ARCH = YES;
				SDKROOT = iphoneos;
				SWIFT_ACTIVE_COMPILATION_CONDITIONS = DEBUG;
				SWIFT_OPTIMIZATION_LEVEL = "-Onone";
				TARGETED_DEVICE_FAMILY = "1,2";
			};
			name = Debug;
		};
		360162251F19046600B1B2A8 /* Release */ = {
			isa = XCBuildConfiguration;
			buildSettings = {
				ALWAYS_SEARCH_USER_PATHS = NO;
				CLANG_ANALYZER_NONNULL = YES;
				CLANG_ANALYZER_NUMBER_OBJECT_CONVERSION = YES_AGGRESSIVE;
				CLANG_CXX_LANGUAGE_STANDARD = "gnu++0x";
				CLANG_CXX_LIBRARY = "libc++";
				CLANG_ENABLE_MODULES = YES;
				CLANG_ENABLE_OBJC_ARC = YES;
				CLANG_WARN_BOOL_CONVERSION = YES;
				CLANG_WARN_CONSTANT_CONVERSION = YES;
				CLANG_WARN_DIRECT_OBJC_ISA_USAGE = YES_ERROR;
				CLANG_WARN_DOCUMENTATION_COMMENTS = YES;
				CLANG_WARN_EMPTY_BODY = YES;
				CLANG_WARN_ENUM_CONVERSION = YES;
				CLANG_WARN_INFINITE_RECURSION = YES;
				CLANG_WARN_INT_CONVERSION = YES;
				CLANG_WARN_OBJC_ROOT_CLASS = YES_ERROR;
				CLANG_WARN_SUSPICIOUS_MOVE = YES;
				CLANG_WARN_UNREACHABLE_CODE = YES;
				CLANG_WARN__DUPLICATE_METHOD_MATCH = YES;
				"CODE_SIGN_IDENTITY[sdk=iphoneos*]" = "iPhone Developer";
				COPY_PHASE_STRIP = NO;
				DEBUG_INFORMATION_FORMAT = "dwarf-with-dsym";
				ENABLE_NS_ASSERTIONS = NO;
				ENABLE_STRICT_OBJC_MSGSEND = YES;
				GCC_C_LANGUAGE_STANDARD = gnu99;
				GCC_NO_COMMON_BLOCKS = YES;
				GCC_WARN_64_TO_32_BIT_CONVERSION = YES;
				GCC_WARN_ABOUT_RETURN_TYPE = YES_ERROR;
				GCC_WARN_UNDECLARED_SELECTOR = YES;
				GCC_WARN_UNINITIALIZED_AUTOS = YES_AGGRESSIVE;
				GCC_WARN_UNUSED_FUNCTION = YES;
				GCC_WARN_UNUSED_VARIABLE = YES;
				IPHONEOS_DEPLOYMENT_TARGET = 10.3;
				MTL_ENABLE_DEBUG_INFO = NO;
				SDKROOT = iphoneos;
				SWIFT_OPTIMIZATION_LEVEL = "-Owholemodule";
				TARGETED_DEVICE_FAMILY = "1,2";
				VALIDATE_PRODUCT = YES;
			};
			name = Release;
		};
		360162271F19046600B1B2A8 /* Debug */ = {
			isa = XCBuildConfiguration;
			baseConfigurationReference = 3F2745F2FB53018449F2E073 /* Pods-WalkingTheDog.debug.xcconfig */;
			buildSettings = {
				ASSETCATALOG_COMPILER_APPICON_NAME = AppIcon;
				CLANG_ENABLE_MODULES = YES;
				DEVELOPMENT_TEAM = CKT72NR3AB;
				INFOPLIST_FILE = WalkingTheDog/Info.plist;
				LD_RUNPATH_SEARCH_PATHS = "$(inherited) @executable_path/Frameworks";
				PRODUCT_BUNDLE_IDENTIFIER = cagocapps.online.WalkingTheDog;
				PRODUCT_NAME = "$(TARGET_NAME)";
				SWIFT_OBJC_BRIDGING_HEADER = "WalkingTheDog/WalkingTheDog-Bridging-Header.h";
				SWIFT_OPTIMIZATION_LEVEL = "-Onone";
				SWIFT_VERSION = 3.0;
			};
			name = Debug;
		};
		360162281F19046600B1B2A8 /* Release */ = {
			isa = XCBuildConfiguration;
			baseConfigurationReference = C8A5D8B2AE7EE04D41FD2335 /* Pods-WalkingTheDog.release.xcconfig */;
			buildSettings = {
				ASSETCATALOG_COMPILER_APPICON_NAME = AppIcon;
				CLANG_ENABLE_MODULES = YES;
				DEVELOPMENT_TEAM = CKT72NR3AB;
				INFOPLIST_FILE = WalkingTheDog/Info.plist;
				LD_RUNPATH_SEARCH_PATHS = "$(inherited) @executable_path/Frameworks";
				PRODUCT_BUNDLE_IDENTIFIER = cagocapps.online.WalkingTheDog;
				PRODUCT_NAME = "$(TARGET_NAME)";
				SWIFT_OBJC_BRIDGING_HEADER = "WalkingTheDog/WalkingTheDog-Bridging-Header.h";
				SWIFT_VERSION = 3.0;
			};
			name = Release;
		};
		3601622A1F19046600B1B2A8 /* Debug */ = {
			isa = XCBuildConfiguration;
			baseConfigurationReference = EBABBC013EB578FD0CB7C60D /* Pods-WalkingTheDogTests.debug.xcconfig */;
			buildSettings = {
				ALWAYS_EMBED_SWIFT_STANDARD_LIBRARIES = YES;
				BUNDLE_LOADER = "$(TEST_HOST)";
				INFOPLIST_FILE = WalkingTheDogTests/Info.plist;
				LD_RUNPATH_SEARCH_PATHS = "$(inherited) @executable_path/Frameworks @loader_path/Frameworks";
				PRODUCT_BUNDLE_IDENTIFIER = cagocapps.online.WalkingTheDogTests;
				PRODUCT_NAME = "$(TARGET_NAME)";
				SWIFT_VERSION = 3.0;
				TEST_HOST = "$(BUILT_PRODUCTS_DIR)/WalkingTheDog.app/WalkingTheDog";
			};
			name = Debug;
		};
		3601622B1F19046600B1B2A8 /* Release */ = {
			isa = XCBuildConfiguration;
			baseConfigurationReference = 9959A679CDC2C1496A3D115B /* Pods-WalkingTheDogTests.release.xcconfig */;
			buildSettings = {
				ALWAYS_EMBED_SWIFT_STANDARD_LIBRARIES = YES;
				BUNDLE_LOADER = "$(TEST_HOST)";
				INFOPLIST_FILE = WalkingTheDogTests/Info.plist;
				LD_RUNPATH_SEARCH_PATHS = "$(inherited) @executable_path/Frameworks @loader_path/Frameworks";
				PRODUCT_BUNDLE_IDENTIFIER = cagocapps.online.WalkingTheDogTests;
				PRODUCT_NAME = "$(TARGET_NAME)";
				SWIFT_VERSION = 3.0;
				TEST_HOST = "$(BUILT_PRODUCTS_DIR)/WalkingTheDog.app/WalkingTheDog";
			};
			name = Release;
		};
		3601622D1F19046600B1B2A8 /* Debug */ = {
			isa = XCBuildConfiguration;
			baseConfigurationReference = 24A543DF6766AE009268924B /* Pods-WalkingTheDogUITests.debug.xcconfig */;
			buildSettings = {
				ALWAYS_EMBED_SWIFT_STANDARD_LIBRARIES = YES;
				INFOPLIST_FILE = WalkingTheDogUITests/Info.plist;
				LD_RUNPATH_SEARCH_PATHS = "$(inherited) @executable_path/Frameworks @loader_path/Frameworks";
				PRODUCT_BUNDLE_IDENTIFIER = cagocapps.online.WalkingTheDogUITests;
				PRODUCT_NAME = "$(TARGET_NAME)";
				SWIFT_VERSION = 3.0;
				TEST_TARGET_NAME = WalkingTheDog;
			};
			name = Debug;
		};
		3601622E1F19046600B1B2A8 /* Release */ = {
			isa = XCBuildConfiguration;
			baseConfigurationReference = 225C58A7CC900ACC3ED49056 /* Pods-WalkingTheDogUITests.release.xcconfig */;
			buildSettings = {
				ALWAYS_EMBED_SWIFT_STANDARD_LIBRARIES = YES;
				INFOPLIST_FILE = WalkingTheDogUITests/Info.plist;
				LD_RUNPATH_SEARCH_PATHS = "$(inherited) @executable_path/Frameworks @loader_path/Frameworks";
				PRODUCT_BUNDLE_IDENTIFIER = cagocapps.online.WalkingTheDogUITests;
				PRODUCT_NAME = "$(TARGET_NAME)";
				SWIFT_VERSION = 3.0;
				TEST_TARGET_NAME = WalkingTheDog;
			};
			name = Release;
		};
/* End XCBuildConfiguration section */

/* Begin XCConfigurationList section */
		360161F91F19046500B1B2A8 /* Build configuration list for PBXProject "WalkingTheDog" */ = {
			isa = XCConfigurationList;
			buildConfigurations = (
				360162241F19046600B1B2A8 /* Debug */,
				360162251F19046600B1B2A8 /* Release */,
			);
			defaultConfigurationIsVisible = 0;
			defaultConfigurationName = Release;
		};
		360162261F19046600B1B2A8 /* Build configuration list for PBXNativeTarget "WalkingTheDog" */ = {
			isa = XCConfigurationList;
			buildConfigurations = (
				360162271F19046600B1B2A8 /* Debug */,
				360162281F19046600B1B2A8 /* Release */,
			);
			defaultConfigurationIsVisible = 0;
			defaultConfigurationName = Release;
		};
		360162291F19046600B1B2A8 /* Build configuration list for PBXNativeTarget "WalkingTheDogTests" */ = {
			isa = XCConfigurationList;
			buildConfigurations = (
				3601622A1F19046600B1B2A8 /* Debug */,
				3601622B1F19046600B1B2A8 /* Release */,
			);
			defaultConfigurationIsVisible = 0;
			defaultConfigurationName = Release;
		};
		3601622C1F19046600B1B2A8 /* Build configuration list for PBXNativeTarget "WalkingTheDogUITests" */ = {
			isa = XCConfigurationList;
			buildConfigurations = (
				3601622D1F19046600B1B2A8 /* Debug */,
				3601622E1F19046600B1B2A8 /* Release */,
			);
			defaultConfigurationIsVisible = 0;
			defaultConfigurationName = Release;
		};
/* End XCConfigurationList section */
	};
	rootObject = 360161F61F19046500B1B2A8 /* Project object */;
}
